
Microsoft Visual Studio Solution File, Format Version 12.00
# Visual Studio Version 16
VisualStudioVersion = 16.0.31321.278
MinimumVisualStudioVersion = 10.0.40219.1
Project("{888888A0-9F3D-457C-B088-3A5042F75D52}") = "Lab_2", "Lab_2\Lab_2.pyproj", "{73236885-EA09-44AB-A914-C235510BAFE8}"
EndProject
Project("{888888A0-9F3D-457C-B088-3A5042F75D52}") = "Lab_3", "Lab_3\Lab_3.pyproj", "{91847B95-EF6F-4DAB-9C1A-2BBD8DEE8B42}"
EndProject
Project("{888888A0-9F3D-457C-B088-3A5042F75D52}") = "Lab_4", "Lab_4\Lab_4.pyproj", "{7B2A20B1-EDD6-429D-BBE2-F1074E7B2565}"
EndProject
Project("{888888A0-9F3D-457C-B088-3A5042F75D52}") = "Final_Task", "Final_Task\Final_Task.pyproj", "{D88203BD-FDBF-499A-B334-40624537DDDE}"
EndProject
Global
	GlobalSection(SolutionConfigurationPlatforms) = preSolution
		Debug|Any CPU = Debug|Any CPU
		Release|Any CPU = Release|Any CPU
	EndGlobalSection
	GlobalSection(ProjectConfigurationPlatforms) = postSolution
		{73236885-EA09-44AB-A914-C235510BAFE8}.Debug|Any CPU.ActiveCfg = Debug|Any CPU
		{73236885-EA09-44AB-A914-C235510BAFE8}.Release|Any CPU.ActiveCfg = Release|Any CPU
		{91847B95-EF6F-4DAB-9C1A-2BBD8DEE8B42}.Debug|Any CPU.ActiveCfg = Debug|Any CPU
		{91847B95-EF6F-4DAB-9C1A-2BBD8DEE8B42}.Release|Any CPU.ActiveCfg = Release|Any CPU
		{7B2A20B1-EDD6-429D-BBE2-F1074E7B2565}.Debug|Any CPU.ActiveCfg = Debug|Any CPU
		{7B2A20B1-EDD6-429D-BBE2-F1074E7B2565}.Release|Any CPU.ActiveCfg = Release|Any CPU
		{D88203BD-FDBF-499A-B334-40624537DDDE}.Debug|Any CPU.ActiveCfg = Debug|Any CPU
		{D88203BD-FDBF-499A-B334-40624537DDDE}.Release|Any CPU.ActiveCfg = Release|Any CPU
	EndGlobalSection
	GlobalSection(SolutionProperties) = preSolution
		HideSolutionNode = FALSE
	EndGlobalSection
	GlobalSection(ExtensibilityGlobals) = postSolution
		SolutionGuid = {9C3CEA6C-189A-43B8-98F4-8B38364C44C8}
	EndGlobalSection
EndGlobal
